
Microsoft Visual Studio Solution File, Format Version 12.00
# Visual Studio Version 17
VisualStudioVersion = 17.14.37710.0 d17.14
MinimumVisualStudioVersion = 10.0.40219.1
Project("{FAE04EC0-301F-11D3-BF4B-00C04F79EFBC}") = "VideoGameCharacterApi", "VideoGameCharacterApi.csproj", "{AF30D8AA-A264-419C-A8B2-8D5EA19BDC28}"
EndProject
Global
	GlobalSection(SolutionConfigurationPlatforms) = preSolution
		Debug|Any CPU = Debug|Any CPU
		Release|Any CPU = Release|Any CPU
	EndGlobalSection
	GlobalSection(ProjectConfigurationPlatforms) = postSolution
		{AF30D8AA-A264-419C-A8B2-8D5EA19BDC28}.Debug|Any CPU.ActiveCfg = Debug|Any CPU
		{AF30D8AA-A264-419C-A8B2-8D5EA19BDC28}.Debug|Any CPU.Build.0 = Debug|Any CPU
		{AF30D8AA-A264-419C-A8B2-8D5EA19BDC28}.Release|Any CPU.ActiveCfg = Release|Any CPU
		{AF30D8AA-A264-419C-A8B2-8D5EA19BDC28}.Release|Any CPU.Build.0 = Release|Any CPU
	EndGlobalSection
	GlobalSection(SolutionProperties) = preSolution
		HideSolutionNode = FALSE
	EndGlobalSection
	GlobalSection(ExtensibilityGlobals) = postSolution
		SolutionGuid = {ACFDBFFE-40FF-42CA-A1C7-E77ABF4CBB0A}
	EndGlobalSection
EndGlobal
